
Microsoft Visual Studio Solution File, Format Version 12.00
# Visual Studio Version 17
VisualStudioVersion = 17.9.34728.123
MinimumVisualStudioVersion = 10.0.40219.1
Project("{FAE04EC0-301F-11D3-BF4B-00C04F79EFBC}") = "RestApi", "RestApi.csproj", "{AF6FEC60-0355-432F-9820-5EECF5BAAFC3}"
EndProject
Global
	GlobalSection(SolutionConfigurationPlatforms) = preSolution
		Debug|Any CPU = Debug|Any CPU
		Release|Any CPU = Release|Any CPU
	EndGlobalSection
	GlobalSection(ProjectConfigurationPlatforms) = postSolution
		{AF6FEC60-0355-432F-9820-5EECF5BAAFC3}.Debug|Any CPU.ActiveCfg = Debug|Any CPU
		{AF6FEC60-0355-432F-9820-5EECF5BAAFC3}.Debug|Any CPU.Build.0 = Debug|Any CPU
		{AF6FEC60-0355-432F-9820-5EECF5BAAFC3}.Release|Any CPU.ActiveCfg = Release|Any CPU
		{AF6FEC60-0355-432F-9820-5EECF5BAAFC3}.Release|Any CPU.Build.0 = Release|Any CPU
	EndGlobalSection
	GlobalSection(SolutionProperties) = preSolution
		HideSolutionNode = FALSE
	EndGlobalSection
	GlobalSection(ExtensibilityGlobals) = postSolution
		SolutionGuid = {D41DB776-8F0E-453A-A79E-A67F0FD4D408}
	EndGlobalSection
EndGlobal
